// !$*UTF8*$!
{
	archiveVersion = 1;
	classes = {
	};
	objectVersion = 55;
	objects = {

/* Begin PBXBuildFile section */
		B486457E27F6D5C000365937 /* CustomPageViewApp.swift in Sources */ = {isa = PBXBuildFile; fileRef = B486457D27F6D5C000365937 /* CustomPageViewApp.swift */; };
		B486458027F6D5C000365937 /* PageContent.swift in Sources */ = {isa = PBXBuildFile; fileRef = B486457F27F6D5C000365937 /* PageContent.swift */; };
		B486458227F6D5C100365937 /* Assets.xcassets in Resources */ = {isa = PBXBuildFile; fileRef = B486458127F6D5C100365937 /* Assets.xcassets */; };
		B486458527F6D5C100365937 /* Preview Assets.xcassets in Resources */ = {isa = PBXBuildFile; fileRef = B486458427F6D5C100365937 /* Preview Assets.xcassets */; };
		B486458C27F6D6BD00365937 /* PageControl.swift in Sources */ = {isa = PBXBuildFile; fileRef = B486458B27F6D6BD00365937 /* PageControl.swift */; };
		B486458E27F6D6F200365937 /* PageControlTheme.swift in Sources */ = {isa = PBXBuildFile; fileRef = B486458D27F6D6F200365937 /* PageControlTheme.swift */; };
		B486459027F6D71D00365937 /* PageGestureType.swift in Sources */ = {isa = PBXBuildFile; fileRef = B486458F27F6D71D00365937 /* PageGestureType.swift */; };
		B486459227F6D73900365937 /* PageScrollState.swift in Sources */ = {isa = PBXBuildFile; fileRef = B486459127F6D73900365937 /* PageScrollState.swift */; };
		B486459427F6D75D00365937 /* HPageView.swift in Sources */ = {isa = PBXBuildFile; fileRef = B486459327F6D75D00365937 /* HPageView.swift */; };
		B486459627F6D78C00365937 /* PageViewBuilder.swift in Sources */ = {isa = PBXBuildFile; fileRef = B486459527F6D78C00365937 /* PageViewBuilder.swift */; };
		B486459827F6D86A00365937 /* ContentView.swift in Sources */ = {isa = PBXBuildFile; fileRef = B486459727F6D86A00365937 /* ContentView.swift */; };
		B486459D27F6DABF00365937 /* CustomView.swift in Sources */ = {isa = PBXBuildFile; fileRef = B486459C27F6DABF00365937 /* CustomView.swift */; };
/* End PBXBuildFile section */

/* Begin PBXFileReference section */
		B486457A27F6D5C000365937 /* CustomPageView.app */ = {isa = PBXFileReference; explicitFileType = wrapper.application; includeInIndex = 0; path = CustomPageView.app; sourceTree = BUILT_PRODUCTS_DIR; };
		B486457D27F6D5C000365937 /* CustomPageViewApp.swift */ = {isa = PBXFileReference; lastKnownFileType = sourcecode.swift; path = CustomPageViewApp.swift; sourceTree = "<group>"; };
		B486457F27F6D5C000365937 /* PageContent.swift */ = {isa = PBXFileReference; lastKnownFileType = sourcecode.swift; path = PageContent.swift; sourceTree = "<group>"; };
		B486458127F6D5C100365937 /* Assets.xcassets */ = {isa = PBXFileReference; lastKnownFileType = folder.assetcatalog; path = Assets.xcassets; sourceTree = "<group>"; };
		B486458427F6D5C100365937 /* Preview Assets.xcassets */ = {isa = PBXFileReference; lastKnownFileType = folder.assetcatalog; path = "Preview Assets.xcassets"; sourceTree = "<group>"; };
		B486458B27F6D6BD00365937 /* PageControl.swift */ = {isa = PBXFileReference; lastKnownFileType = sourcecode.swift; path = PageControl.swift; sourceTree = "<group>"; };
		B486458D27F6D6F200365937 /* PageControlTheme.swift */ = {isa = PBXFileReference; lastKnownFileType = sourcecode.swift; path = PageControlTheme.swift; sourceTree = "<group>"; };
		B486458F27F6D71D00365937 /* PageGestureType.swift */ = {isa = PBXFileReference; lastKnownFileType = sourcecode.swift; path = PageGestureType.swift; sourceTree = "<group>"; };
		B486459127F6D73900365937 /* PageScrollState.swift */ = {isa = PBXFileReference; lastKnownFileType = sourcecode.swift; path = PageScrollState.swift; sourceTree = "<group>"; };
		B486459327F6D75D00365937 /* HPageView.swift */ = {isa = PBXFileReference; lastKnownFileType = sourcecode.swift; path = HPageView.swift; sourceTree = "<group>"; };
		B486459527F6D78C00365937 /* PageViewBuilder.swift */ = {isa = PBXFileReference; lastKnownFileType = sourcecode.swift; path = PageViewBuilder.swift; sourceTree = "<group>"; };
		B486459727F6D86A00365937 /* ContentView.swift */ = {isa = PBXFileReference; lastKnownFileType = sourcecode.swift; path = ContentView.swift; sourceTree = "<group>"; };
		B486459C27F6DABF00365937 /* CustomView.swift */ = {isa = PBXFileReference; lastKnownFileType = sourcecode.swift; path = CustomView.swift; sourceTree = "<group>"; };
/* End PBXFileReference section */

/* Begin PBXFrameworksBuildPhase section */
		B486457727F6D5C000365937 /* Frameworks */ = {
			isa = PBXFrameworksBuildPhase;
			buildActionMask = 2147483647;
			files = (
			);
			runOnlyForDeploymentPostprocessing = 0;
		};
/* End PBXFrameworksBuildPhase section */

/* Begin PBXGroup section */
		B486457127F6D5C000365937 = {
			isa = PBXGroup;
			children = (
				B486457C27F6D5C000365937 /* CustomPageView */,
				B486457B27F6D5C000365937 /* Products */,
			);
			sourceTree = "<group>";
		};
		B486457B27F6D5C000365937 /* Products */ = {
			isa = PBXGroup;
			children = (
				B486457A27F6D5C000365937 /* CustomPageView.app */,
			);
			name = Products;
			sourceTree = "<group>";
		};
		B486457C27F6D5C000365937 /* CustomPageView */ = {
			isa = PBXGroup;
			children = (
				B486459E27F6DE5800365937 /* Presentation */,
				B486459C27F6DABF00365937 /* CustomView.swift */,
				B486459727F6D86A00365937 /* ContentView.swift */,
				B486459527F6D78C00365937 /* PageViewBuilder.swift */,
				B486459327F6D75D00365937 /* HPageView.swift */,
				B486459127F6D73900365937 /* PageScrollState.swift */,
				B486458F27F6D71D00365937 /* PageGestureType.swift */,
				B486458D27F6D6F200365937 /* PageControlTheme.swift */,
				B486458B27F6D6BD00365937 /* PageControl.swift */,
				B486457F27F6D5C000365937 /* PageContent.swift */,
				B486457D27F6D5C000365937 /* CustomPageViewApp.swift */,
				B486458127F6D5C100365937 /* Assets.xcassets */,
				B486458327F6D5C100365937 /* Preview Content */,
			);
			path = CustomPageView;
			sourceTree = "<group>";
		};
		B486458327F6D5C100365937 /* Preview Content */ = {
			isa = PBXGroup;
			children = (
				B486458427F6D5C100365937 /* Preview Assets.xcassets */,
			);
			path = "Preview Content";
			sourceTree = "<group>";
		};
		B486459E27F6DE5800365937 /* Presentation */ = {
			isa = PBXGroup;
			children = (
			);
			path = Presentation;
			sourceTree = "<group>";
		};
/* End PBXGroup section */

/* Begin PBXNativeTarget section */
		B486457927F6D5C000365937 /* CustomPageView */ = {
			isa = PBXNativeTarget;
			buildConfigurationList = B486458827F6D5C100365937 /* Build configuration list for PBXNativeTarget "CustomPageView" */;
			buildPhases = (
				B486457627F6D5C000365937 /* Sources */,
				B486457727F6D5C000365937 /* Frameworks */,
				B486457827F6D5C000365937 /* Resources */,
			);
			buildRules = (
			);
			dependencies = (
			);
			name = CustomPageView;
			productName = CustomPageView;
			productReference = B486457A27F6D5C000365937 /* CustomPageView.app */;
			productType = "com.apple.product-type.application";
		};
/* End PBXNativeTarget section */

/* Begin PBXProject section */
		B486457227F6D5C000365937 /* Project object */ = {
			isa = PBXProject;
			attributes = {
				BuildIndependentTargetsInParallel = 1;
				LastSwiftUpdateCheck = 1320;
				LastUpgradeCheck = 1320;
				TargetAttributes = {
					B486457927F6D5C000365937 = {
						CreatedOnToolsVersion = 13.2;
					};
				};
			};
			buildConfigurationList = B486457527F6D5C000365937 /* Build configuration list for PBXProject "CustomPageView" */;
			compatibilityVersion = "Xcode 13.0";
			developmentRegion = en;
			hasScannedForEncodings = 0;
			knownRegions = (
				en,
				Base,
			);
			mainGroup = B486457127F6D5C000365937;
			productRefGroup = B486457B27F6D5C000365937 /* Products */;
			projectDirPath = "";
			projectRoot = "";
			targets = (
				B486457927F6D5C000365937 /* CustomPageView */,
			);
		};
/* End PBXProject section */

/* Begin PBXResourcesBuildPhase section */
		B486457827F6D5C000365937 /* Resources */ = {
			isa = PBXResourcesBuildPhase;
			buildActionMask = 2147483647;
			files = (
				B486458527F6D5C100365937 /* Preview Assets.xcassets in Resources */,
				B486458227F6D5C100365937 /* Assets.xcassets in Resources */,
			);
			runOnlyForDeploymentPostprocessing = 0;
		};
/* End PBXResourcesBuildPhase section */

/* Begin PBXSourcesBuildPhase section */
		B486457627F6D5C000365937 /* Sources */ = {
			isa = PBXSourcesBuildPhase;
			buildActionMask = 2147483647;
			files = (
				B486458027F6D5C000365937 /* PageContent.swift in Sources */,
				B486457E27F6D5C000365937 /* CustomPageViewApp.swift in Sources */,
				B486458E27F6D6F200365937 /* PageControlTheme.swift in Sources */,
				B486459227F6D73900365937 /* PageScrollState.swift in Sources */,
				B486458C27F6D6BD00365937 /* PageControl.swift in Sources */,
				B486459D27F6DABF00365937 /* CustomView.swift in Sources */,
				B486459827F6D86A00365937 /* ContentView.swift in Sources */,
				B486459427F6D75D00365937 /* HPageView.swift in Sources */,
				B486459027F6D71D00365937 /* PageGestureType.swift in Sources */,
				B486459627F6D78C00365937 /* PageViewBuilder.swift in Sources */,
			);
			runOnlyForDeploymentPostprocessing = 0;
		};
/* End PBXSourcesBuildPhase section */

/* Begin XCBuildConfiguration section */
		B486458627F6D5C100365937 /* Debug */ = {
			isa = XCBuildConfiguration;
			buildSettings = {
				ALWAYS_SEARCH_USER_PATHS = NO;
				CLANG_ANALYZER_NONNULL = YES;
				CLANG_ANALYZER_NUMBER_OBJECT_CONVERSION = YES_AGGRESSIVE;
				CLANG_CXX_LANGUAGE_STANDARD = "gnu++17";
				CLANG_CXX_LIBRARY = "libc++";
				CLANG_ENABLE_MODULES = YES;
				CLANG_ENABLE_OBJC_ARC = YES;
				CLANG_ENABLE_OBJC_WEAK = YES;
				CLANG_WARN_BLOCK_CAPTURE_AUTORELEASING = YES;
				CLANG_WARN_BOOL_CONVERSION = YES;
				CLANG_WARN_COMMA = YES;
				CLANG_WARN_CONSTANT_CONVERSION = YES;
				CLANG_WARN_DEPRECATED_OBJC_IMPLEMENTATIONS = YES;
				CLANG_WARN_DIRECT_OBJC_ISA_USAGE = YES_ERROR;
				CLANG_WARN_DOCUMENTATION_COMMENTS = YES;
				CLANG_WARN_EMPTY_BODY = YES;
				CLANG_WARN_ENUM_CONVERSION = YES;
				CLANG_WARN_INFINITE_RECURSION = YES;
				CLANG_WARN_INT_CONVERSION = YES;
				CLANG_WARN_NON_LITERAL_NULL_CONVERSION = YES;
				CLANG_WARN_OBJC_IMPLICIT_RETAIN_SELF = YES;
				CLANG_WARN_OBJC_LITERAL_CONVERSION = YES;
				CLANG_WARN_OBJC_ROOT_CLASS = YES_ERROR;
				CLANG_WARN_QUOTED_INCLUDE_IN_FRAMEWORK_HEADER = YES;
				CLANG_WARN_RANGE_LOOP_ANALYSIS = YES;
				CLANG_WARN_STRICT_PROTOTYPES = YES;
				CLANG_WARN_SUSPICIOUS_MOVE = YES;
				CLANG_WARN_UNGUARDED_AVAILABILITY = YES_AGGRESSIVE;
				CLANG_WARN_UNREACHABLE_CODE = YES;
				CLANG_WARN__DUPLICATE_METHOD_MATCH = YES;
				COPY_PHASE_STRIP = NO;
				DEBUG_INFORMATION_FORMAT = dwarf;
				ENABLE_STRICT_OBJC_MSGSEND = YES;
				ENABLE_TESTABILITY = YES;
				GCC_C_LANGUAGE_STANDARD = gnu11;
				GCC_DYNAMIC_NO_PIC = NO;
				GCC_NO_COMMON_BLOCKS = YES;
				GCC_OPTIMIZATION_LEVEL = 0;
				GCC_PREPROCESSOR_DEFINITIONS = (
					"DEBUG=1",
					"$(inherited)",
				);
				GCC_WARN_64_TO_32_BIT_CONVERSION = YES;
				GCC_WARN_ABOUT_RETURN_TYPE = YES_ERROR;
				GCC_WARN_UNDECLARED_SELECTOR = YES;
				GCC_WARN_UNINITIALIZED_AUTOS = YES_AGGRESSIVE;
				GCC_WARN_UNUSED_FUNCTION = YES;
				GCC_WARN_UNUSED_VARIABLE = YES;
				IPHONEOS_DEPLOYMENT_TARGET = 15.2;
				MTL_ENABLE_DEBUG_INFO = INCLUDE_SOURCE;
				MTL_FAST_MATH = YES;
				ONLY_ACTIVE_ARCH = YES;
				SDKROOT = iphoneos;
				SWIFT_ACTIVE_COMPILATION_CONDITIONS = DEBUG;
				SWIFT_OPTIMIZATION_LEVEL = "-Onone";
			};
			name = Debug;
		};
		B486458727F6D5C100365937 /* Release */ = {
			isa = XCBuildConfiguration;
			buildSettings = {
				ALWAYS_SEARCH_USER_PATHS = NO;
				CLANG_ANALYZER_NONNULL = YES;
				CLANG_ANALYZER_NUMBER_OBJECT_CONVERSION = YES_AGGRESSIVE;
				CLANG_CXX_LANGUAGE_STANDARD = "gnu++17";
				CLANG_CXX_LIBRARY = "libc++";
				CLANG_ENABLE_MODULES = YES;
				CLANG_ENABLE_OBJC_ARC = YES;
				CLANG_ENABLE_OBJC_WEAK = YES;
				CLANG_WARN_BLOCK_CAPTURE_AUTORELEASING = YES;
				CLANG_WARN_BOOL_CONVERSION = YES;
				CLANG_WARN_COMMA = YES;
				CLANG_WARN_CONSTANT_CONVERSION = YES;
				CLANG_WARN_DEPRECATED_OBJC_IMPLEMENTATIONS = YES;
				CLANG_WARN_DIRECT_OBJC_ISA_USAGE = YES_ERROR;
				CLANG_WARN_DOCUMENTATION_COMMENTS = YES;
				CLANG_WARN_EMPTY_BODY = YES;
				CLANG_WARN_ENUM_CONVERSION = YES;
				CLANG_WARN_INFINITE_RECURSION = YES;
				CLANG_WARN_INT_CONVERSION = YES;
				CLANG_WARN_NON_LITERAL_NULL_CONVERSION = YES;
				CLANG_WARN_OBJC_IMPLICIT_RETAIN_SELF = YES;
				CLANG_WARN_OBJC_LITERAL_CONVERSION = YES;
				CLANG_WARN_OBJC_ROOT_CLASS = YES_ERROR;
				CLANG_WARN_QUOTED_INCLUDE_IN_FRAMEWORK_HEADER = YES;
				CLANG_WARN_RANGE_LOOP_ANALYSIS = YES;
				CLANG_WARN_STRICT_PROTOTYPES = YES;
				CLANG_WARN_SUSPICIOUS_MOVE = YES;
				CLANG_WARN_UNGUARDED_AVAILABILITY = YES_AGGRESSIVE;
				CLANG_WARN_UNREACHABLE_CODE = YES;
				CLANG_WARN__DUPLICATE_METHOD_MATCH = YES;
				COPY_PHASE_STRIP = NO;
				DEBUG_INFORMATION_FORMAT = "dwarf-with-dsym";
				ENABLE_NS_ASSERTIONS = NO;
				ENABLE_STRICT_OBJC_MSGSEND = YES;
				GCC_C_LANGUAGE_STANDARD = gnu11;
				GCC_NO_COMMON_BLOCKS = YES;
				GCC_WARN_64_TO_32_BIT_CONVERSION = YES;
				GCC_WARN_ABOUT_RETURN_TYPE = YES_ERROR;
				GCC_WARN_UNDECLARED_SELECTOR = YES;
				GCC_WARN_UNINITIALIZED_AUTOS = YES_AGGRESSIVE;
				GCC_WARN_UNUSED_FUNCTION = YES;
				GCC_WARN_UNUSED_VARIABLE = YES;
				IPHONEOS_DEPLOYMENT_TARGET = 15.2;
				MTL_ENABLE_DEBUG_INFO = NO;
				MTL_FAST_MATH = YES;
				SDKROOT = iphoneos;
				SWIFT_COMPILATION_MODE = wholemodule;
				SWIFT_OPTIMIZATION_LEVEL = "-O";
				VALIDATE_PRODUCT = YES;
			};
			name = Release;
		};
		B486458927F6D5C100365937 /* Debug */ = {
			isa = XCBuildConfiguration;
			buildSettings = {
				ASSETCATALOG_COMPILER_APPICON_NAME = AppIcon;
				ASSETCATALOG_COMPILER_GLOBAL_ACCENT_COLOR_NAME = AccentColor;
				CODE_SIGN_STYLE = Automatic;
				CURRENT_PROJECT_VERSION = 1;
				DEVELOPMENT_ASSET_PATHS = "\"CustomPageView/Preview Content\"";
				DEVELOPMENT_TEAM = XRTUKAGRTL;
				ENABLE_PREVIEWS = YES;
				GENERATE_INFOPLIST_FILE = YES;
				INFOPLIST_KEY_UIApplicationSceneManifest_Generation = YES;
				INFOPLIST_KEY_UIApplicationSupportsIndirectInputEvents = YES;
				INFOPLIST_KEY_UILaunchScreen_Generation = YES;
				INFOPLIST_KEY_UISupportedInterfaceOrientations_iPad = "UIInterfaceOrientationPortrait UIInterfaceOrientationPortraitUpsideDown UIInterfaceOrientationLandscapeLeft UIInterfaceOrientationLandscapeRight";
				INFOPLIST_KEY_UISupportedInterfaceOrientations_iPhone = "UIInterfaceOrientationPortrait UIInterfaceOrientationLandscapeLeft UIInterfaceOrientationLandscapeRight";
				LD_RUNPATH_SEARCH_PATHS = (
					"$(inherited)",
					"@executable_path/Frameworks",
				);
				MARKETING_VERSION = 1.0;
				PRODUCT_BUNDLE_IDENTIFIER = com.AlexanderSobolev.CustomPageView;
				PRODUCT_NAME = "$(TARGET_NAME)";
				SWIFT_EMIT_LOC_STRINGS = YES;
				SWIFT_VERSION = 5.0;
				TARGETED_DEVICE_FAMILY = "1,2";
			};
			name = Debug;
		};
		B486458A27F6D5C100365937 /* Release */ = {
			isa = XCBuildConfiguration;
			buildSettings = {
				ASSETCATALOG_COMPILER_APPICON_NAME = AppIcon;
				ASSETCATALOG_COMPILER_GLOBAL_ACCENT_COLOR_NAME = AccentColor;
				CODE_SIGN_STYLE = Automatic;
				CURRENT_PROJECT_VERSION = 1;
				DEVELOPMENT_ASSET_PATHS = "\"CustomPageView/Preview Content\"";
				DEVELOPMENT_TEAM = XRTUKAGRTL;
				ENABLE_PREVIEWS = YES;
				GENERATE_INFOPLIST_FILE = YES;
				INFOPLIST_KEY_UIApplicationSceneManifest_Generation = YES;
				INFOPLIST_KEY_UIApplicationSupportsIndirectInputEvents = YES;
				INFOPLIST_KEY_UILaunchScreen_Generation = YES;
				INFOPLIST_KEY_UISupportedInterfaceOrientations_iPad = "UIInterfaceOrientationPortrait UIInterfaceOrientationPortraitUpsideDown UIInterfaceOrientationLandscapeLeft UIInterfaceOrientationLandscapeRight";
				INFOPLIST_KEY_UISupportedInterfaceOrientations_iPhone = "UIInterfaceOrientationPortrait UIInterfaceOrientationLandscapeLeft UIInterfaceOrientationLandscapeRight";
				LD_RUNPATH_SEARCH_PATHS = (
					"$(inherited)",
					"@executable_path/Frameworks",
				);
				MARKETING_VERSION = 1.0;
				PRODUCT_BUNDLE_IDENTIFIER = com.AlexanderSobolev.CustomPageView;
				PRODUCT_NAME = "$(TARGET_NAME)";
				SWIFT_EMIT_LOC_STRINGS = YES;
				SWIFT_VERSION = 5.0;
				TARGETED_DEVICE_FAMILY = "1,2";
			};
			name = Release;
		};
/* End XCBuildConfiguration section */

/* Begin XCConfigurationList section */
		B486457527F6D5C000365937 /* Build configuration list for PBXProject "CustomPageView" */ = {
			isa = XCConfigurationList;
			buildConfigurations = (
				B486458627F6D5C100365937 /* Debug */,
				B486458727F6D5C100365937 /* Release */,
			);
			defaultConfigurationIsVisible = 0;
			defaultConfigurationName = Release;
		};
		B486458827F6D5C100365937 /* Build configuration list for PBXNativeTarget "CustomPageView" */ = {
			isa = XCConfigurationList;
			buildConfigurations = (
				B486458927F6D5C100365937 /* Debug */,
				B486458A27F6D5C100365937 /* Release */,
			);
			defaultConfigurationIsVisible = 0;
			defaultConfigurationName = Release;
		};
/* End XCConfigurationList section */
	};
	rootObject = B486457227F6D5C000365937 /* Project object */;
}
